
Microsoft Visual Studio Solution File, Format Version 12.00
# Visual Studio Version 16
VisualStudioVersion = 16.0.810.20
MinimumVisualStudioVersion = 10.0.40219.1
Project("{FAE04EC0-301F-11D3-BF4B-00C04F79EFBC}") = "CurrencyExchangeApp.Android", "CurrencyExchangeApp.Android\CurrencyExchangeApp.Android.csproj", "{062708F9-2DA2-47FE-87D5-91755716539F}"
EndProject
Project("{FAE04EC0-301F-11D3-BF4B-00C04F79EFBC}") = "CurrencyExchangeApp.iOS", "CurrencyExchangeApp.iOS\CurrencyExchangeApp.iOS.csproj", "{C87874C5-AE11-4B4F-86F1-F8291FA5F2B9}"
EndProject
Project("{FAE04EC0-301F-11D3-BF4B-00C04F79EFBC}") = "CurrencyExchangeApp", "CurrencyExchangeApp\CurrencyExchangeApp.csproj", "{7C097F88-0848-45D4-98B0-E05AF333C671}"
EndProject
Global
	GlobalSection(SolutionConfigurationPlatforms) = preSolution
		Debug|Any CPU = Debug|Any CPU
		Release|Any CPU = Release|Any CPU
		Debug|iPhoneSimulator = Debug|iPhoneSimulator
		Release|iPhoneSimulator = Release|iPhoneSimulator
		Debug|iPhone = Debug|iPhone
		Release|iPhone = Release|iPhone
	EndGlobalSection
	GlobalSection(ProjectConfigurationPlatforms) = postSolution
		{062708F9-2DA2-47FE-87D5-91755716539F}.Debug|Any CPU.ActiveCfg = Debug|Any CPU
		{062708F9-2DA2-47FE-87D5-91755716539F}.Debug|Any CPU.Build.0 = Debug|Any CPU
		{062708F9-2DA2-47FE-87D5-91755716539F}.Release|Any CPU.ActiveCfg = Release|Any CPU
		{062708F9-2DA2-47FE-87D5-91755716539F}.Release|Any CPU.Build.0 = Release|Any CPU
		{062708F9-2DA2-47FE-87D5-91755716539F}.Debug|iPhoneSimulator.ActiveCfg = Debug|Any CPU
		{062708F9-2DA2-47FE-87D5-91755716539F}.Debug|iPhoneSimulator.Build.0 = Debug|Any CPU
		{062708F9-2DA2-47FE-87D5-91755716539F}.Release|iPhoneSimulator.ActiveCfg = Release|Any CPU
		{062708F9-2DA2-47FE-87D5-91755716539F}.Release|iPhoneSimulator.Build.0 = Release|Any CPU
		{062708F9-2DA2-47FE-87D5-91755716539F}.Debug|iPhone.ActiveCfg = Debug|Any CPU
		{062708F9-2DA2-47FE-87D5-91755716539F}.Debug|iPhone.Build.0 = Debug|Any CPU
		{062708F9-2DA2-47FE-87D5-91755716539F}.Release|iPhone.ActiveCfg = Release|Any CPU
		{062708F9-2DA2-47FE-87D5-91755716539F}.Release|iPhone.Build.0 = Release|Any CPU
		{C87874C5-AE11-4B4F-86F1-F8291FA5F2B9}.Debug|Any CPU.ActiveCfg = Debug|iPhoneSimulator
		{C87874C5-AE11-4B4F-86F1-F8291FA5F2B9}.Debug|Any CPU.Build.0 = Debug|iPhoneSimulator
		{C87874C5-AE11-4B4F-86F1-F8291FA5F2B9}.Release|Any CPU.ActiveCfg = Release|iPhoneSimulator
		{C87874C5-AE11-4B4F-86F1-F8291FA5F2B9}.Release|Any CPU.Build.0 = Release|iPhoneSimulator
		{C87874C5-AE11-4B4F-86F1-F8291FA5F2B9}.Debug|iPhoneSimulator.ActiveCfg = Debug|iPhoneSimulator
		{C87874C5-AE11-4B4F-86F1-F8291FA5F2B9}.Debug|iPhoneSimulator.Build.0 = Debug|iPhoneSimulator
		{C87874C5-AE11-4B4F-86F1-F8291FA5F2B9}.Release|iPhoneSimulator.ActiveCfg = Release|iPhoneSimulator
		{C87874C5-AE11-4B4F-86F1-F8291FA5F2B9}.Release|iPhoneSimulator.Build.0 = Release|iPhoneSimulator
		{C87874C5-AE11-4B4F-86F1-F8291FA5F2B9}.Debug|iPhone.ActiveCfg = Debug|iPhone
		{C87874C5-AE11-4B4F-86F1-F8291FA5F2B9}.Debug|iPhone.Build.0 = Debug|iPhone
		{C87874C5-AE11-4B4F-86F1-F8291FA5F2B9}.Release|iPhone.ActiveCfg = Release|iPhone
		{C87874C5-AE11-4B4F-86F1-F8291FA5F2B9}.Release|iPhone.Build.0 = Release|iPhone
		{7C097F88-0848-45D4-98B0-E05AF333C671}.Debug|Any CPU.ActiveCfg = Debug|Any CPU
		{7C097F88-0848-45D4-98B0-E05AF333C671}.Debug|Any CPU.Build.0 = Debug|Any CPU
		{7C097F88-0848-45D4-98B0-E05AF333C671}.Release|Any CPU.ActiveCfg = Release|Any CPU
		{7C097F88-0848-45D4-98B0-E05AF333C671}.Release|Any CPU.Build.0 = Release|Any CPU
		{7C097F88-0848-45D4-98B0-E05AF333C671}.Debug|iPhoneSimulator.ActiveCfg = Debug|Any CPU
		{7C097F88-0848-45D4-98B0-E05AF333C671}.Debug|iPhoneSimulator.Build.0 = Debug|Any CPU
		{7C097F88-0848-45D4-98B0-E05AF333C671}.Release|iPhoneSimulator.ActiveCfg = Release|Any CPU
		{7C097F88-0848-45D4-98B0-E05AF333C671}.Release|iPhoneSimulator.Build.0 = Release|Any CPU
		{7C097F88-0848-45D4-98B0-E05AF333C671}.Debug|iPhone.ActiveCfg = Debug|Any CPU
		{7C097F88-0848-45D4-98B0-E05AF333C671}.Debug|iPhone.Build.0 = Debug|Any CPU
		{7C097F88-0848-45D4-98B0-E05AF333C671}.Release|iPhone.ActiveCfg = Release|Any CPU
		{7C097F88-0848-45D4-98B0-E05AF333C671}.Release|iPhone.Build.0 = Release|Any CPU
	EndGlobalSection
	GlobalSection(SolutionProperties) = preSolution
		HideSolutionNode = FALSE
	EndGlobalSection
	GlobalSection(ExtensibilityGlobals) = postSolution
		SolutionGuid = {6D14342E-C586-488E-BF23-8EA9B59F6EEE}
	EndGlobalSection
EndGlobal
